<?xml version="1.0" encoding="utf-8"?>
<Project ToolsVersion="4.0" xmlns="http://schemas.microsoft.com/developer/msbuild/2003">
  <ItemGroup>
    <Filter Include="Source Files">
      <UniqueIdentifier>{4FC737F1-C7A5-4376-A066-2A32D752A2FF}</UniqueIdentifier>
      <Extensions>cpp;c;cc;cxx;c++;cppm;ixx;def;odl;idl;hpj;bat;asm;asmx</Extensions>
    </Filter>
    <Filter Include="Header Files">
      <UniqueIdentifier>{93995380-89BD-4b04-88EB-625FBE52EBFB}</UniqueIdentifier>
      <Extensions>h;hh;hpp;hxx;h++;hm;inl;inc;ipp;xsd</Extensions>
    </Filter>
    <Filter Include="Resource Files">
      <UniqueIdentifier>{67DA6AB6-F800-4c08-8B7A-83BB121AAD01}</UniqueIdentifier>
      <Extensions>rc;ico;cur;bmp;dlg;rc2;rct;bin;rgs;gif;jpg;jpeg;jpe;resx;tiff;tif;png;wav;mfcribbon-ms</Extensions>
    </Filter>
  </ItemGroup>
  <ItemGroup>
    <ClCompile Include="Main.cpp">
      <Filter>Source Files</Filter>
    </ClCompile>
    <ClCompile Include="System objects\Vulkan_system\Cpp_files\Vulkan_system.cpp">
      <Filter>Source Files</Filter>
    </ClCompile>
    <ClCompile Include="System objects\Vulkan_system\Cpp_files\Vulkan_resources.cpp">
      <Filter>Source Files</Filter>
    </ClCompile>
    <ClCompile Include="Global_Variables\Constants_and_function\Cpp_files\Constants_and_function.cpp">
      <Filter>Source Files</Filter>
    </ClCompile>
    <ClCompile Include="Global_Variables\Vulkan_GLFW_global_variable\Cpp_files\Vulkan_GLFW_global_variable_initialization.cpp">
      <Filter>Source Files</Filter>
    </ClCompile>
    <ClCompile Include="System objects\GLFW system\Cpp_files\GLFW_initialization.cpp">
      <Filter>Source Files</Filter>
    </ClCompile>
    <ClCompile Include="Graphics_and_gpu_objects\pipline\Cpp_files\Pipline.cpp">
      <Filter>Source Files</Filter>
    </ClCompile>
    <ClCompile Include="Graphics_and_gpu_objects\memory_buffer\Cpp_files\data_classes.cpp">
      <Filter>Source Files</Filter>
    </ClCompile>
    <ClCompile Include="Graphics_and_gpu_objects\Graphics_and_gpu_objects_container\Cpp_files\gpu_objects_container.cpp">
      <Filter>Source Files</Filter>
    </ClCompile>
    <ClCompile Include="Graphics_and_gpu_objects\Graphics_and_gpu_objects_container\Cpp_files\PipelineRendering_constractor.cpp">
      <Filter>Source Files</Filter>
    </ClCompile>
    <ClCompile Include="Graphics_and_gpu_objects\Graphics_and_gpu_objects_container\Cpp_files\PipelineLayout_container_constractor.cpp">
      <Filter>Source Files</Filter>
    </ClCompile>
    <ClCompile Include="Graphics_and_gpu_objects\Graphics_and_gpu_objects_container\Cpp_files\Descriptor_set_layout_constractor.cpp">
      <Filter>Source Files</Filter>
    </ClCompile>
    <ClCompile Include="Graphics_and_gpu_objects\Graphics_and_gpu_objects_container\Cpp_files\Graphics_Pipeline_container_constractor.cpp">
      <Filter>Source Files</Filter>
    </ClCompile>
    <ClCompile Include="Graphics_and_gpu_objects\Graphics_and_gpu_objects_container\Cpp_files\Compute_Pipeline_container_constractor.cpp">
      <Filter>Source Files</Filter>
    </ClCompile>
    <ClCompile Include="Apps\App_1\Cpp_files\App_1.cpp">
      <Filter>Source Files</Filter>
    </ClCompile>
    <ClCompile Include="standard_game_objects\Iterable\Cpp_files\Iterable.cpp">
      <Filter>Source Files</Filter>
    </ClCompile>
    <ClCompile Include="standard_game_objects\test_console_writing\Cpp_files\test_console_writing.cpp">
      <Filter>Source Files</Filter>
    </ClCompile>
    <ClCompile Include="standard_game_objects\test_console_writing_Device\Cpp_files\test_console_writing_Device.cpp">
      <Filter>Source Files</Filter>
    </ClCompile>
    <ClCompile Include="Graphics_and_gpu_objects\memory_buffer\Cpp_files\Memory_buffer.cpp">
      <Filter>Source Files</Filter>
    </ClCompile>
  </ItemGroup>
  <ItemGroup>
    <ClInclude Include="System objects\Vulkan_system\Headers\Vulkan_system.h">
      <Filter>Header Files</Filter>
    </ClInclude>
    <ClInclude Include="System objects\Vulkan_system\Headers\Vulkan_resources.h">
      <Filter>Header Files</Filter>
    </ClInclude>
    <ClInclude Include="System objects\Vulkan_system\Headers\Vulkan_resources_initialization.h">
      <Filter>Header Files</Filter>
    </ClInclude>
    <ClInclude Include="System objects\Vulkan_system\Headers\Vulkan_resources_decleration.h">
      <Filter>Header Files</Filter>
    </ClInclude>
    <ClInclude Include="System objects\GLFW system\Headers\GLFW_initialization.h">
      <Filter>Header Files</Filter>
    </ClInclude>
    <ClInclude Include="System objects\GLFW system\Headers\GLFW_obj_initialization.h">
      <Filter>Header Files</Filter>
    </ClInclude>
    <ClInclude Include="Global_Variables\Constants_and_function\Headers\Constants_and_function.h">
      <Filter>Header Files</Filter>
    </ClInclude>
    <ClInclude Include="Graphics_and_gpu_objects\memory_buffer\Headers\data_classes.h">
      <Filter>Header Files</Filter>
    </ClInclude>
    <ClInclude Include="Graphics_and_gpu_objects\pipline\Headers\Pipline.h">
      <Filter>Header Files</Filter>
    </ClInclude>
    <ClInclude Include="Graphics_and_gpu_objects\Graphics_and_gpu_objects_container\Headers\gpu_objects_container.h">
      <Filter>Header Files</Filter>
    </ClInclude>
    <ClInclude Include="Apps\App_1\Headers\App_1.h">
      <Filter>Header Files</Filter>
    </ClInclude>
    <ClInclude Include="standard_game_objects\Iterable\Headers\Iterable.h">
      <Filter>Header Files</Filter>
    </ClInclude>
    <ClInclude Include="standard_game_objects\test_console_writing\Headers\test_console_writing_small_decleration.h">
      <Filter>Header Files</Filter>
    </ClInclude>
    <ClInclude Include="Apps\App_1\Headers\App_1_small_decleration.h">
      <Filter>Header Files</Filter>
    </ClInclude>
    <ClInclude Include="standard_game_objects\test_console_writing\Headers\test_console_writing.h">
      <Filter>Header Files</Filter>
    </ClInclude>
    <ClInclude Include="standard_game_objects\test_console_writing_Device\Headers\test_console_writing_Device.h">
      <Filter>Header Files</Filter>
    </ClInclude>
    <ClInclude Include="Graphics_and_gpu_objects\memory_buffer\Headers\Memory_buffer.h">
      <Filter>Header Files</Filter>
    </ClInclude>
    <ClInclude Include="Apps\App_1\Headers\submissioninfos_access.h">
      <Filter>Header Files</Filter>
    </ClInclude>
  </ItemGroup>
</Project>